// !$*UTF8*$!
{
	archiveVersion = 1;
	classes = {
	};
	objectVersion = 55;
	objects = {

/* Begin PBXBuildFile section */
		74935BEF27FBE6F70092E562 /* MypageViewController.swift in Sources */ = {isa = PBXBuildFile; fileRef = 74935BEE27FBE6F70092E562 /* MypageViewController.swift */; };
		74D9BC5527F2F54B00C40951 /* AppDelegate.swift in Sources */ = {isa = PBXBuildFile; fileRef = 74D9BC5427F2F54B00C40951 /* AppDelegate.swift */; };
		74D9BC5727F2F54B00C40951 /* SceneDelegate.swift in Sources */ = {isa = PBXBuildFile; fileRef = 74D9BC5627F2F54B00C40951 /* SceneDelegate.swift */; };
		74D9BC5E27F2F54D00C40951 /* Assets.xcassets in Resources */ = {isa = PBXBuildFile; fileRef = 74D9BC5D27F2F54D00C40951 /* Assets.xcassets */; };
		74D9BC6127F2F54D00C40951 /* LaunchScreen.storyboard in Resources */ = {isa = PBXBuildFile; fileRef = 74D9BC5F27F2F54D00C40951 /* LaunchScreen.storyboard */; };
		74D9BC6927F2F7A500C40951 /* RegistrationViewController.swift in Sources */ = {isa = PBXBuildFile; fileRef = 74D9BC6827F2F7A500C40951 /* RegistrationViewController.swift */; };
		74D9BC6C27F3043600C40951 /* NetworkingManager.swift in Sources */ = {isa = PBXBuildFile; fileRef = 74D9BC6B27F3043600C40951 /* NetworkingManager.swift */; };
		74D9BC7327F43F2A00C40951 /* MainTabbarController.swift in Sources */ = {isa = PBXBuildFile; fileRef = 74D9BC7227F43F2A00C40951 /* MainTabbarController.swift */; };
		74D9BC7527F43F6500C40951 /* MainHomeViewController.swift in Sources */ = {isa = PBXBuildFile; fileRef = 74D9BC7427F43F6500C40951 /* MainHomeViewController.swift */; };
		74D9BC7727F45AC800C40951 /* LoginViewController.swift in Sources */ = {isa = PBXBuildFile; fileRef = 74D9BC7627F45AC800C40951 /* LoginViewController.swift */; };
/* End PBXBuildFile section */

/* Begin PBXFileReference section */
		74935BEE27FBE6F70092E562 /* MypageViewController.swift */ = {isa = PBXFileReference; lastKnownFileType = sourcecode.swift; path = MypageViewController.swift; sourceTree = "<group>"; };
		74D9BC5127F2F54B00C40951 /* Flea_Market.app */ = {isa = PBXFileReference; explicitFileType = wrapper.application; includeInIndex = 0; path = Flea_Market.app; sourceTree = BUILT_PRODUCTS_DIR; };
		74D9BC5427F2F54B00C40951 /* AppDelegate.swift */ = {isa = PBXFileReference; lastKnownFileType = sourcecode.swift; path = AppDelegate.swift; sourceTree = "<group>"; };
		74D9BC5627F2F54B00C40951 /* SceneDelegate.swift */ = {isa = PBXFileReference; lastKnownFileType = sourcecode.swift; path = SceneDelegate.swift; sourceTree = "<group>"; };
		74D9BC5D27F2F54D00C40951 /* Assets.xcassets */ = {isa = PBXFileReference; lastKnownFileType = folder.assetcatalog; path = Assets.xcassets; sourceTree = "<group>"; };
		74D9BC6027F2F54D00C40951 /* Base */ = {isa = PBXFileReference; lastKnownFileType = file.storyboard; name = Base; path = Base.lproj/LaunchScreen.storyboard; sourceTree = "<group>"; };
		74D9BC6227F2F54D00C40951 /* Info.plist */ = {isa = PBXFileReference; lastKnownFileType = text.plist.xml; path = Info.plist; sourceTree = "<group>"; };
		74D9BC6827F2F7A500C40951 /* RegistrationViewController.swift */ = {isa = PBXFileReference; lastKnownFileType = sourcecode.swift; path = RegistrationViewController.swift; sourceTree = "<group>"; };
		74D9BC6B27F3043600C40951 /* NetworkingManager.swift */ = {isa = PBXFileReference; lastKnownFileType = sourcecode.swift; path = NetworkingManager.swift; sourceTree = "<group>"; };
		74D9BC7227F43F2A00C40951 /* MainTabbarController.swift */ = {isa = PBXFileReference; lastKnownFileType = sourcecode.swift; path = MainTabbarController.swift; sourceTree = "<group>"; };
		74D9BC7427F43F6500C40951 /* MainHomeViewController.swift */ = {isa = PBXFileReference; lastKnownFileType = sourcecode.swift; path = MainHomeViewController.swift; sourceTree = "<group>"; };
		74D9BC7627F45AC800C40951 /* LoginViewController.swift */ = {isa = PBXFileReference; lastKnownFileType = sourcecode.swift; path = LoginViewController.swift; sourceTree = "<group>"; };
/* End PBXFileReference section */

/* Begin PBXFrameworksBuildPhase section */
		74D9BC4E27F2F54B00C40951 /* Frameworks */ = {
			isa = PBXFrameworksBuildPhase;
			buildActionMask = 2147483647;
			files = (
			);
			runOnlyForDeploymentPostprocessing = 0;
		};
/* End PBXFrameworksBuildPhase section */

/* Begin PBXGroup section */
		74D9BC4827F2F54A00C40951 = {
			isa = PBXGroup;
			children = (
				74D9BC5327F2F54B00C40951 /* Flea_Market */,
				74D9BC5227F2F54B00C40951 /* Products */,
			);
			sourceTree = "<group>";
		};
		74D9BC5227F2F54B00C40951 /* Products */ = {
			isa = PBXGroup;
			children = (
				74D9BC5127F2F54B00C40951 /* Flea_Market.app */,
			);
			name = Products;
			sourceTree = "<group>";
		};
		74D9BC5327F2F54B00C40951 /* Flea_Market */ = {
			isa = PBXGroup;
			children = (
				74D9BC7127F43F1600C40951 /* Controller */,
				74D9BC6A27F3042B00C40951 /* Networking */,
				74D9BC5427F2F54B00C40951 /* AppDelegate.swift */,
				74D9BC5627F2F54B00C40951 /* SceneDelegate.swift */,
				74D9BC5D27F2F54D00C40951 /* Assets.xcassets */,
				74D9BC5F27F2F54D00C40951 /* LaunchScreen.storyboard */,
				74D9BC6227F2F54D00C40951 /* Info.plist */,
			);
			path = Flea_Market;
			sourceTree = "<group>";
		};
		74D9BC6A27F3042B00C40951 /* Networking */ = {
			isa = PBXGroup;
			children = (
				74D9BC6B27F3043600C40951 /* NetworkingManager.swift */,
			);
			path = Networking;
			sourceTree = "<group>";
		};
		74D9BC7127F43F1600C40951 /* Controller */ = {
			isa = PBXGroup;
			children = (
				74D9BC6827F2F7A500C40951 /* RegistrationViewController.swift */,
				74D9BC7227F43F2A00C40951 /* MainTabbarController.swift */,
				74D9BC7427F43F6500C40951 /* MainHomeViewController.swift */,
				74D9BC7627F45AC800C40951 /* LoginViewController.swift */,
				74935BEE27FBE6F70092E562 /* MypageViewController.swift */,
			);
			path = Controller;
			sourceTree = "<group>";
		};
/* End PBXGroup section */

/* Begin PBXNativeTarget section */
		74D9BC5027F2F54B00C40951 /* Flea_Market */ = {
			isa = PBXNativeTarget;
			buildConfigurationList = 74D9BC6527F2F54D00C40951 /* Build configuration list for PBXNativeTarget "Flea_Market" */;
			buildPhases = (
				74D9BC4D27F2F54B00C40951 /* Sources */,
				74D9BC4E27F2F54B00C40951 /* Frameworks */,
				74D9BC4F27F2F54B00C40951 /* Resources */,
			);
			buildRules = (
			);
			dependencies = (
			);
			name = Flea_Market;
			productName = Flea_Market;
			productReference = 74D9BC5127F2F54B00C40951 /* Flea_Market.app */;
			productType = "com.apple.product-type.application";
		};
/* End PBXNativeTarget section */

/* Begin PBXProject section */
		74D9BC4927F2F54A00C40951 /* Project object */ = {
			isa = PBXProject;
			attributes = {
				BuildIndependentTargetsInParallel = 1;
				LastSwiftUpdateCheck = 1320;
				LastUpgradeCheck = 1320;
				TargetAttributes = {
					74D9BC5027F2F54B00C40951 = {
						CreatedOnToolsVersion = 13.2.1;
					};
				};
			};
			buildConfigurationList = 74D9BC4C27F2F54A00C40951 /* Build configuration list for PBXProject "Flea_Market" */;
			compatibilityVersion = "Xcode 13.0";
			developmentRegion = en;
			hasScannedForEncodings = 0;
			knownRegions = (
				en,
				Base,
			);
			mainGroup = 74D9BC4827F2F54A00C40951;
			productRefGroup = 74D9BC5227F2F54B00C40951 /* Products */;
			projectDirPath = "";
			projectRoot = "";
			targets = (
				74D9BC5027F2F54B00C40951 /* Flea_Market */,
			);
		};
/* End PBXProject section */

/* Begin PBXResourcesBuildPhase section */
		74D9BC4F27F2F54B00C40951 /* Resources */ = {
			isa = PBXResourcesBuildPhase;
			buildActionMask = 2147483647;
			files = (
				74D9BC6127F2F54D00C40951 /* LaunchScreen.storyboard in Resources */,
				74D9BC5E27F2F54D00C40951 /* Assets.xcassets in Resources */,
			);
			runOnlyForDeploymentPostprocessing = 0;
		};
/* End PBXResourcesBuildPhase section */

/* Begin PBXSourcesBuildPhase section */
		74D9BC4D27F2F54B00C40951 /* Sources */ = {
			isa = PBXSourcesBuildPhase;
			buildActionMask = 2147483647;
			files = (
				74D9BC7727F45AC800C40951 /* LoginViewController.swift in Sources */,
				74D9BC6927F2F7A500C40951 /* RegistrationViewController.swift in Sources */,
				74D9BC6C27F3043600C40951 /* NetworkingManager.swift in Sources */,
				74D9BC7327F43F2A00C40951 /* MainTabbarController.swift in Sources */,
				74D9BC5527F2F54B00C40951 /* AppDelegate.swift in Sources */,
				74D9BC7527F43F6500C40951 /* MainHomeViewController.swift in Sources */,
				74D9BC5727F2F54B00C40951 /* SceneDelegate.swift in Sources */,
				74935BEF27FBE6F70092E562 /* MypageViewController.swift in Sources */,
			);
			runOnlyForDeploymentPostprocessing = 0;
		};
/* End PBXSourcesBuildPhase section */

/* Begin PBXVariantGroup section */
		74D9BC5F27F2F54D00C40951 /* LaunchScreen.storyboard */ = {
			isa = PBXVariantGroup;
			children = (
				74D9BC6027F2F54D00C40951 /* Base */,
			);
			name = LaunchScreen.storyboard;
			sourceTree = "<group>";
		};
/* End PBXVariantGroup section */

/* Begin XCBuildConfiguration section */
		74D9BC6327F2F54D00C40951 /* Debug */ = {
			isa = XCBuildConfiguration;
			buildSettings = {
				ALWAYS_SEARCH_USER_PATHS = NO;
				CLANG_ANALYZER_NONNULL = YES;
				CLANG_ANALYZER_NUMBER_OBJECT_CONVERSION = YES_AGGRESSIVE;
				CLANG_CXX_LANGUAGE_STANDARD = "gnu++17";
				CLANG_CXX_LIBRARY = "libc++";
				CLANG_ENABLE_MODULES = YES;
				CLANG_ENABLE_OBJC_ARC = YES;
				CLANG_ENABLE_OBJC_WEAK = YES;
				CLANG_WARN_BLOCK_CAPTURE_AUTORELEASING = YES;
				CLANG_WARN_BOOL_CONVERSION = YES;
				CLANG_WARN_COMMA = YES;
				CLANG_WARN_CONSTANT_CONVERSION = YES;
				CLANG_WARN_DEPRECATED_OBJC_IMPLEMENTATIONS = YES;
				CLANG_WARN_DIRECT_OBJC_ISA_USAGE = YES_ERROR;
				CLANG_WARN_DOCUMENTATION_COMMENTS = YES;
				CLANG_WARN_EMPTY_BODY = YES;
				CLANG_WARN_ENUM_CONVERSION = YES;
				CLANG_WARN_INFINITE_RECURSION = YES;
				CLANG_WARN_INT_CONVERSION = YES;
				CLANG_WARN_NON_LITERAL_NULL_CONVERSION = YES;
				CLANG_WARN_OBJC_IMPLICIT_RETAIN_SELF = YES;
				CLANG_WARN_OBJC_LITERAL_CONVERSION = YES;
				CLANG_WARN_OBJC_ROOT_CLASS = YES_ERROR;
				CLANG_WARN_QUOTED_INCLUDE_IN_FRAMEWORK_HEADER = YES;
				CLANG_WARN_RANGE_LOOP_ANALYSIS = YES;
				CLANG_WARN_STRICT_PROTOTYPES = YES;
				CLANG_WARN_SUSPICIOUS_MOVE = YES;
				CLANG_WARN_UNGUARDED_AVAILABILITY = YES_AGGRESSIVE;
				CLANG_WARN_UNREACHABLE_CODE = YES;
				CLANG_WARN__DUPLICATE_METHOD_MATCH = YES;
				COPY_PHASE_STRIP = NO;
				DEBUG_INFORMATION_FORMAT = dwarf;
				ENABLE_STRICT_OBJC_MSGSEND = YES;
				ENABLE_TESTABILITY = YES;
				GCC_C_LANGUAGE_STANDARD = gnu11;
				GCC_DYNAMIC_NO_PIC = NO;
				GCC_NO_COMMON_BLOCKS = YES;
				GCC_OPTIMIZATION_LEVEL = 0;
				GCC_PREPROCESSOR_DEFINITIONS = (
					"DEBUG=1",
					"$(inherited)",
				);
				GCC_WARN_64_TO_32_BIT_CONVERSION = YES;
				GCC_WARN_ABOUT_RETURN_TYPE = YES_ERROR;
				GCC_WARN_UNDECLARED_SELECTOR = YES;
				GCC_WARN_UNINITIALIZED_AUTOS = YES_AGGRESSIVE;
				GCC_WARN_UNUSED_FUNCTION = YES;
				GCC_WARN_UNUSED_VARIABLE = YES;
				IPHONEOS_DEPLOYMENT_TARGET = 15.2;
				MTL_ENABLE_DEBUG_INFO = INCLUDE_SOURCE;
				MTL_FAST_MATH = YES;
				ONLY_ACTIVE_ARCH = YES;
				SDKROOT = iphoneos;
				SWIFT_ACTIVE_COMPILATION_CONDITIONS = DEBUG;
				SWIFT_OPTIMIZATION_LEVEL = "-Onone";
			};
			name = Debug;
		};
		74D9BC6427F2F54D00C40951 /* Release */ = {
			isa = XCBuildConfiguration;
			buildSettings = {
				ALWAYS_SEARCH_USER_PATHS = NO;
				CLANG_ANALYZER_NONNULL = YES;
				CLANG_ANALYZER_NUMBER_OBJECT_CONVERSION = YES_AGGRESSIVE;
				CLANG_CXX_LANGUAGE_STANDARD = "gnu++17";
				CLANG_CXX_LIBRARY = "libc++";
				CLANG_ENABLE_MODULES = YES;
				CLANG_ENABLE_OBJC_ARC = YES;
				CLANG_ENABLE_OBJC_WEAK = YES;
				CLANG_WARN_BLOCK_CAPTURE_AUTORELEASING = YES;
				CLANG_WARN_BOOL_CONVERSION = YES;
				CLANG_WARN_COMMA = YES;
				CLANG_WARN_CONSTANT_CONVERSION = YES;
				CLANG_WARN_DEPRECATED_OBJC_IMPLEMENTATIONS = YES;
				CLANG_WARN_DIRECT_OBJC_ISA_USAGE = YES_ERROR;
				CLANG_WARN_DOCUMENTATION_COMMENTS = YES;
				CLANG_WARN_EMPTY_BODY = YES;
				CLANG_WARN_ENUM_CONVERSION = YES;
				CLANG_WARN_INFINITE_RECURSION = YES;
				CLANG_WARN_INT_CONVERSION = YES;
				CLANG_WARN_NON_LITERAL_NULL_CONVERSION = YES;
				CLANG_WARN_OBJC_IMPLICIT_RETAIN_SELF = YES;
				CLANG_WARN_OBJC_LITERAL_CONVERSION = YES;
				CLANG_WARN_OBJC_ROOT_CLASS = YES_ERROR;
				CLANG_WARN_QUOTED_INCLUDE_IN_FRAMEWORK_HEADER = YES;
				CLANG_WARN_RANGE_LOOP_ANALYSIS = YES;
				CLANG_WARN_STRICT_PROTOTYPES = YES;
				CLANG_WARN_SUSPICIOUS_MOVE = YES;
				CLANG_WARN_UNGUARDED_AVAILABILITY = YES_AGGRESSIVE;
				CLANG_WARN_UNREACHABLE_CODE = YES;
				CLANG_WARN__DUPLICATE_METHOD_MATCH = YES;
				COPY_PHASE_STRIP = NO;
				DEBUG_INFORMATION_FORMAT = "dwarf-with-dsym";
				ENABLE_NS_ASSERTIONS = NO;
				ENABLE_STRICT_OBJC_MSGSEND = YES;
				GCC_C_LANGUAGE_STANDARD = gnu11;
				GCC_NO_COMMON_BLOCKS = YES;
				GCC_WARN_64_TO_32_BIT_CONVERSION = YES;
				GCC_WARN_ABOUT_RETURN_TYPE = YES_ERROR;
				GCC_WARN_UNDECLARED_SELECTOR = YES;
				GCC_WARN_UNINITIALIZED_AUTOS = YES_AGGRESSIVE;
				GCC_WARN_UNUSED_FUNCTION = YES;
				GCC_WARN_UNUSED_VARIABLE = YES;
				IPHONEOS_DEPLOYMENT_TARGET = 15.2;
				MTL_ENABLE_DEBUG_INFO = NO;
				MTL_FAST_MATH = YES;
				SDKROOT = iphoneos;
				SWIFT_COMPILATION_MODE = wholemodule;
				SWIFT_OPTIMIZATION_LEVEL = "-O";
				VALIDATE_PRODUCT = YES;
			};
			name = Release;
		};
		74D9BC6627F2F54D00C40951 /* Debug */ = {
			isa = XCBuildConfiguration;
			buildSettings = {
				ASSETCATALOG_COMPILER_APPICON_NAME = AppIcon;
				ASSETCATALOG_COMPILER_GLOBAL_ACCENT_COLOR_NAME = AccentColor;
				CODE_SIGN_STYLE = Automatic;
				CURRENT_PROJECT_VERSION = 1;
				DEVELOPMENT_TEAM = 9P43UX98F5;
				GENERATE_INFOPLIST_FILE = YES;
				INFOPLIST_FILE = Flea_Market/Info.plist;
				INFOPLIST_KEY_UIApplicationSupportsIndirectInputEvents = YES;
				INFOPLIST_KEY_UILaunchStoryboardName = LaunchScreen;
				INFOPLIST_KEY_UISupportedInterfaceOrientations_iPad = "UIInterfaceOrientationPortrait UIInterfaceOrientationPortraitUpsideDown UIInterfaceOrientationLandscapeLeft UIInterfaceOrientationLandscapeRight";
				INFOPLIST_KEY_UISupportedInterfaceOrientations_iPhone = "UIInterfaceOrientationPortrait UIInterfaceOrientationLandscapeLeft UIInterfaceOrientationLandscapeRight";
				LD_RUNPATH_SEARCH_PATHS = (
					"$(inherited)",
					"@executable_path/Frameworks",
				);
				MARKETING_VERSION = 1.0;
				PRODUCT_BUNDLE_IDENTIFIER = "sumin.Flea-Market";
				PRODUCT_NAME = "$(TARGET_NAME)";
				SWIFT_EMIT_LOC_STRINGS = YES;
				SWIFT_VERSION = 5.0;
				TARGETED_DEVICE_FAMILY = "1,2";
			};
			name = Debug;
		};
		74D9BC6727F2F54D00C40951 /* Release */ = {
			isa = XCBuildConfiguration;
			buildSettings = {
				ASSETCATALOG_COMPILER_APPICON_NAME = AppIcon;
				ASSETCATALOG_COMPILER_GLOBAL_ACCENT_COLOR_NAME = AccentColor;
				CODE_SIGN_STYLE = Automatic;
				CURRENT_PROJECT_VERSION = 1;
				DEVELOPMENT_TEAM = 9P43UX98F5;
				GENERATE_INFOPLIST_FILE = YES;
				INFOPLIST_FILE = Flea_Market/Info.plist;
				INFOPLIST_KEY_UIApplicationSupportsIndirectInputEvents = YES;
				INFOPLIST_KEY_UILaunchStoryboardName = LaunchScreen;
				INFOPLIST_KEY_UISupportedInterfaceOrientations_iPad = "UIInterfaceOrientationPortrait UIInterfaceOrientationPortraitUpsideDown UIInterfaceOrientationLandscapeLeft UIInterfaceOrientationLandscapeRight";
				INFOPLIST_KEY_UISupportedInterfaceOrientations_iPhone = "UIInterfaceOrientationPortrait UIInterfaceOrientationLandscapeLeft UIInterfaceOrientationLandscapeRight";
				LD_RUNPATH_SEARCH_PATHS = (
					"$(inherited)",
					"@executable_path/Frameworks",
				);
				MARKETING_VERSION = 1.0;
				PRODUCT_BUNDLE_IDENTIFIER = "sumin.Flea-Market";
				PRODUCT_NAME = "$(TARGET_NAME)";
				SWIFT_EMIT_LOC_STRINGS = YES;
				SWIFT_VERSION = 5.0;
				TARGETED_DEVICE_FAMILY = "1,2";
			};
			name = Release;
		};
/* End XCBuildConfiguration section */

/* Begin XCConfigurationList section */
		74D9BC4C27F2F54A00C40951 /* Build configuration list for PBXProject "Flea_Market" */ = {
			isa = XCConfigurationList;
			buildConfigurations = (
				74D9BC6327F2F54D00C40951 /* Debug */,
				74D9BC6427F2F54D00C40951 /* Release */,
			);
			defaultConfigurationIsVisible = 0;
			defaultConfigurationName = Release;
		};
		74D9BC6527F2F54D00C40951 /* Build configuration list for PBXNativeTarget "Flea_Market" */ = {
			isa = XCConfigurationList;
			buildConfigurations = (
				74D9BC6627F2F54D00C40951 /* Debug */,
				74D9BC6727F2F54D00C40951 /* Release */,
			);
			defaultConfigurationIsVisible = 0;
			defaultConfigurationName = Release;
		};
/* End XCConfigurationList section */
	};
	rootObject = 74D9BC4927F2F54A00C40951 /* Project object */;
}
